
Microsoft Visual Studio Solution File, Format Version 12.00
# Visual Studio 15
VisualStudioVersion = 15.0.27130.2026
MinimumVisualStudioVersion = 10.0.40219.1
Project("{FAE04EC0-301F-11D3-BF4B-00C04F79EFBC}") = "Shos", "Shos\Shos.csproj", "{E32BB742-FFA1-4180-AEA4-C0663B0E0545}"
EndProject
Project("{FAE04EC0-301F-11D3-BF4B-00C04F79EFBC}") = "SearchEngine", "SearchEngine\SearchEngine.csproj", "{C935B4BC-5293-4F1E-9201-98CFFD6D989A}"
EndProject
Project("{FAE04EC0-301F-11D3-BF4B-00C04F79EFBC}") = "Models", "Models\Models.csproj", "{49592C45-C0F7-4334-9BE9-151AE6EDCC8E}"
EndProject
Global
	GlobalSection(SolutionConfigurationPlatforms) = preSolution
		Debug|Any CPU = Debug|Any CPU
		Release|Any CPU = Release|Any CPU
	EndGlobalSection
	GlobalSection(ProjectConfigurationPlatforms) = postSolution
		{E32BB742-FFA1-4180-AEA4-C0663B0E0545}.Debug|Any CPU.ActiveCfg = Debug|Any CPU
		{E32BB742-FFA1-4180-AEA4-C0663B0E0545}.Debug|Any CPU.Build.0 = Debug|Any CPU
		{E32BB742-FFA1-4180-AEA4-C0663B0E0545}.Release|Any CPU.ActiveCfg = Release|Any CPU
		{E32BB742-FFA1-4180-AEA4-C0663B0E0545}.Release|Any CPU.Build.0 = Release|Any CPU
		{C935B4BC-5293-4F1E-9201-98CFFD6D989A}.Debug|Any CPU.ActiveCfg = Debug|Any CPU
		{C935B4BC-5293-4F1E-9201-98CFFD6D989A}.Debug|Any CPU.Build.0 = Debug|Any CPU
		{C935B4BC-5293-4F1E-9201-98CFFD6D989A}.Release|Any CPU.ActiveCfg = Release|Any CPU
		{C935B4BC-5293-4F1E-9201-98CFFD6D989A}.Release|Any CPU.Build.0 = Release|Any CPU
		{49592C45-C0F7-4334-9BE9-151AE6EDCC8E}.Debug|Any CPU.ActiveCfg = Debug|Any CPU
		{49592C45-C0F7-4334-9BE9-151AE6EDCC8E}.Debug|Any CPU.Build.0 = Debug|Any CPU
		{49592C45-C0F7-4334-9BE9-151AE6EDCC8E}.Release|Any CPU.ActiveCfg = Release|Any CPU
		{49592C45-C0F7-4334-9BE9-151AE6EDCC8E}.Release|Any CPU.Build.0 = Release|Any CPU
	EndGlobalSection
	GlobalSection(SolutionProperties) = preSolution
		HideSolutionNode = FALSE
	EndGlobalSection
	GlobalSection(ExtensibilityGlobals) = postSolution
		SolutionGuid = {F9EFB2DA-08F0-4D17-BBD9-63C13ED58503}
	EndGlobalSection
EndGlobal
